// !$*UTF8*$!
{
	archiveVersion = 1;
	classes = {
	};
	objectVersion = 51;
	objects = {

/* Begin PBXBuildFile section */
		0C15E250AC5D9AACBDB2F1F1 /* Pods_GraphQLPagination.framework in Frameworks */ = {isa = PBXBuildFile; fileRef = 738977B30DC05B0E27F30ABB /* Pods_GraphQLPagination.framework */; };
		30C18BF726F12ED900DA78B7 /* AppDelegate.swift in Sources */ = {isa = PBXBuildFile; fileRef = 30C18BF626F12ED900DA78B7 /* AppDelegate.swift */; };
		30C18BF926F12ED900DA78B7 /* SceneDelegate.swift in Sources */ = {isa = PBXBuildFile; fileRef = 30C18BF826F12ED900DA78B7 /* SceneDelegate.swift */; };
		30C18BFB26F12ED900DA78B7 /* ViewController.swift in Sources */ = {isa = PBXBuildFile; fileRef = 30C18BFA26F12ED900DA78B7 /* ViewController.swift */; };
		30C18BFE26F12ED900DA78B7 /* Main.storyboard in Resources */ = {isa = PBXBuildFile; fileRef = 30C18BFC26F12ED900DA78B7 /* Main.storyboard */; };
		30C18C0026F12EDA00DA78B7 /* Assets.xcassets in Resources */ = {isa = PBXBuildFile; fileRef = 30C18BFF26F12EDA00DA78B7 /* Assets.xcassets */; };
		30C18C0326F12EDA00DA78B7 /* LaunchScreen.storyboard in Resources */ = {isa = PBXBuildFile; fileRef = 30C18C0126F12EDA00DA78B7 /* LaunchScreen.storyboard */; };
		30C18C0E26F12EDA00DA78B7 /* GraphQLPaginationTests.swift in Sources */ = {isa = PBXBuildFile; fileRef = 30C18C0D26F12EDA00DA78B7 /* GraphQLPaginationTests.swift */; };
		30C18C1926F12EDA00DA78B7 /* GraphQLPaginationUITests.swift in Sources */ = {isa = PBXBuildFile; fileRef = 30C18C1826F12EDA00DA78B7 /* GraphQLPaginationUITests.swift */; };
		30C18C3726F13AF700DA78B7 /* schema.json in Resources */ = {isa = PBXBuildFile; fileRef = 30C18C3526F13AF700DA78B7 /* schema.json */; };
		30C18C3826F13AF700DA78B7 /* LaunchList.graphql in Resources */ = {isa = PBXBuildFile; fileRef = 30C18C3626F13AF700DA78B7 /* LaunchList.graphql */; };
		30C18C3C26F13CA000DA78B7 /* LaunchListVM.swift in Sources */ = {isa = PBXBuildFile; fileRef = 30C18C3B26F13CA000DA78B7 /* LaunchListVM.swift */; };
		30C18C3E26F13CBC00DA78B7 /* Network.swift in Sources */ = {isa = PBXBuildFile; fileRef = 30C18C3D26F13CBC00DA78B7 /* Network.swift */; };
		30C18C4026F13CEA00DA78B7 /* Error.swift in Sources */ = {isa = PBXBuildFile; fileRef = 30C18C3F26F13CEA00DA78B7 /* Error.swift */; };
		30C18C4326F1409100DA78B7 /* ApolloAPI.swift in Sources */ = {isa = PBXBuildFile; fileRef = 30C18C4226F1409100DA78B7 /* ApolloAPI.swift */; };
		30C18C4526F2777A00DA78B7 /* README.md in Resources */ = {isa = PBXBuildFile; fileRef = 30C18C4426F2777A00DA78B7 /* README.md */; };
		CC0DA90E94F8043F1FEA00AA /* Pods_GraphQLPagination_GraphQLPaginationUITests.framework in Frameworks */ = {isa = PBXBuildFile; fileRef = 2AB50202DB392ACF2492BE91 /* Pods_GraphQLPagination_GraphQLPaginationUITests.framework */; };
		DB4E84F63717EBD87E685AC1 /* Pods_GraphQLPaginationTests.framework in Frameworks */ = {isa = PBXBuildFile; fileRef = 913465FE1689ACB296D44750 /* Pods_GraphQLPaginationTests.framework */; };
/* End PBXBuildFile section */

/* Begin PBXContainerItemProxy section */
		30C18C0A26F12EDA00DA78B7 /* PBXContainerItemProxy */ = {
			isa = PBXContainerItemProxy;
			containerPortal = 30C18BEB26F12ED900DA78B7 /* Project object */;
			proxyType = 1;
			remoteGlobalIDString = 30C18BF226F12ED900DA78B7;
			remoteInfo = GraphQLPagination;
		};
		30C18C1526F12EDA00DA78B7 /* PBXContainerItemProxy */ = {
			isa = PBXContainerItemProxy;
			containerPortal = 30C18BEB26F12ED900DA78B7 /* Project object */;
			proxyType = 1;
			remoteGlobalIDString = 30C18BF226F12ED900DA78B7;
			remoteInfo = GraphQLPagination;
		};
/* End PBXContainerItemProxy section */

/* Begin PBXFileReference section */
		11D0380BCB8E88219F15A837 /* Pods-GraphQLPaginationTests.release.xcconfig */ = {isa = PBXFileReference; includeInIndex = 1; lastKnownFileType = text.xcconfig; name = "Pods-GraphQLPaginationTests.release.xcconfig"; path = "Target Support Files/Pods-GraphQLPaginationTests/Pods-GraphQLPaginationTests.release.xcconfig"; sourceTree = "<group>"; };
		2AB50202DB392ACF2492BE91 /* Pods_GraphQLPagination_GraphQLPaginationUITests.framework */ = {isa = PBXFileReference; explicitFileType = wrapper.framework; includeInIndex = 0; path = Pods_GraphQLPagination_GraphQLPaginationUITests.framework; sourceTree = BUILT_PRODUCTS_DIR; };
		30C18BF326F12ED900DA78B7 /* GraphQLPagination.app */ = {isa = PBXFileReference; explicitFileType = wrapper.application; includeInIndex = 0; path = GraphQLPagination.app; sourceTree = BUILT_PRODUCTS_DIR; };
		30C18BF626F12ED900DA78B7 /* AppDelegate.swift */ = {isa = PBXFileReference; lastKnownFileType = sourcecode.swift; path = AppDelegate.swift; sourceTree = "<group>"; };
		30C18BF826F12ED900DA78B7 /* SceneDelegate.swift */ = {isa = PBXFileReference; lastKnownFileType = sourcecode.swift; path = SceneDelegate.swift; sourceTree = "<group>"; };
		30C18BFA26F12ED900DA78B7 /* ViewController.swift */ = {isa = PBXFileReference; lastKnownFileType = sourcecode.swift; path = ViewController.swift; sourceTree = "<group>"; };
		30C18BFD26F12ED900DA78B7 /* Base */ = {isa = PBXFileReference; lastKnownFileType = file.storyboard; name = Base; path = Base.lproj/Main.storyboard; sourceTree = "<group>"; };
		30C18BFF26F12EDA00DA78B7 /* Assets.xcassets */ = {isa = PBXFileReference; lastKnownFileType = folder.assetcatalog; path = Assets.xcassets; sourceTree = "<group>"; };
		30C18C0226F12EDA00DA78B7 /* Base */ = {isa = PBXFileReference; lastKnownFileType = file.storyboard; name = Base; path = Base.lproj/LaunchScreen.storyboard; sourceTree = "<group>"; };
		30C18C0426F12EDA00DA78B7 /* Info.plist */ = {isa = PBXFileReference; lastKnownFileType = text.plist.xml; path = Info.plist; sourceTree = "<group>"; };
		30C18C0926F12EDA00DA78B7 /* GraphQLPaginationTests.xctest */ = {isa = PBXFileReference; explicitFileType = wrapper.cfbundle; includeInIndex = 0; path = GraphQLPaginationTests.xctest; sourceTree = BUILT_PRODUCTS_DIR; };
		30C18C0D26F12EDA00DA78B7 /* GraphQLPaginationTests.swift */ = {isa = PBXFileReference; lastKnownFileType = sourcecode.swift; path = GraphQLPaginationTests.swift; sourceTree = "<group>"; };
		30C18C0F26F12EDA00DA78B7 /* Info.plist */ = {isa = PBXFileReference; lastKnownFileType = text.plist.xml; path = Info.plist; sourceTree = "<group>"; };
		30C18C1426F12EDA00DA78B7 /* GraphQLPaginationUITests.xctest */ = {isa = PBXFileReference; explicitFileType = wrapper.cfbundle; includeInIndex = 0; path = GraphQLPaginationUITests.xctest; sourceTree = BUILT_PRODUCTS_DIR; };
		30C18C1826F12EDA00DA78B7 /* GraphQLPaginationUITests.swift */ = {isa = PBXFileReference; lastKnownFileType = sourcecode.swift; path = GraphQLPaginationUITests.swift; sourceTree = "<group>"; };
		30C18C1A26F12EDA00DA78B7 /* Info.plist */ = {isa = PBXFileReference; lastKnownFileType = text.plist.xml; path = Info.plist; sourceTree = "<group>"; };
		30C18C3526F13AF700DA78B7 /* schema.json */ = {isa = PBXFileReference; fileEncoding = 4; lastKnownFileType = text.json; path = schema.json; sourceTree = "<group>"; };
		30C18C3626F13AF700DA78B7 /* LaunchList.graphql */ = {isa = PBXFileReference; fileEncoding = 4; lastKnownFileType = text; path = LaunchList.graphql; sourceTree = "<group>"; };
		30C18C3B26F13CA000DA78B7 /* LaunchListVM.swift */ = {isa = PBXFileReference; lastKnownFileType = sourcecode.swift; path = LaunchListVM.swift; sourceTree = "<group>"; };
		30C18C3D26F13CBC00DA78B7 /* Network.swift */ = {isa = PBXFileReference; lastKnownFileType = sourcecode.swift; path = Network.swift; sourceTree = "<group>"; };
		30C18C3F26F13CEA00DA78B7 /* Error.swift */ = {isa = PBXFileReference; lastKnownFileType = sourcecode.swift; path = Error.swift; sourceTree = "<group>"; };
		30C18C4226F1409100DA78B7 /* ApolloAPI.swift */ = {isa = PBXFileReference; fileEncoding = 4; lastKnownFileType = sourcecode.swift; path = ApolloAPI.swift; sourceTree = "<group>"; };
		30C18C4426F2777A00DA78B7 /* README.md */ = {isa = PBXFileReference; fileEncoding = 4; lastKnownFileType = net.daringfireball.markdown; path = README.md; sourceTree = SOURCE_ROOT; };
		361656966493A1D9DA194166 /* Pods-GraphQLPagination-GraphQLPaginationUITests.debug.xcconfig */ = {isa = PBXFileReference; includeInIndex = 1; lastKnownFileType = text.xcconfig; name = "Pods-GraphQLPagination-GraphQLPaginationUITests.debug.xcconfig"; path = "Target Support Files/Pods-GraphQLPagination-GraphQLPaginationUITests/Pods-GraphQLPagination-GraphQLPaginationUITests.debug.xcconfig"; sourceTree = "<group>"; };
		3646EB75EAA4846460AC162C /* Pods-GraphQLPagination.debug.xcconfig */ = {isa = PBXFileReference; includeInIndex = 1; lastKnownFileType = text.xcconfig; name = "Pods-GraphQLPagination.debug.xcconfig"; path = "Target Support Files/Pods-GraphQLPagination/Pods-GraphQLPagination.debug.xcconfig"; sourceTree = "<group>"; };
		5C24EADDD59E429B35836C5C /* Pods-GraphQLPagination.release.xcconfig */ = {isa = PBXFileReference; includeInIndex = 1; lastKnownFileType = text.xcconfig; name = "Pods-GraphQLPagination.release.xcconfig"; path = "Target Support Files/Pods-GraphQLPagination/Pods-GraphQLPagination.release.xcconfig"; sourceTree = "<group>"; };
		738977B30DC05B0E27F30ABB /* Pods_GraphQLPagination.framework */ = {isa = PBXFileReference; explicitFileType = wrapper.framework; includeInIndex = 0; path = Pods_GraphQLPagination.framework; sourceTree = BUILT_PRODUCTS_DIR; };
		913465FE1689ACB296D44750 /* Pods_GraphQLPaginationTests.framework */ = {isa = PBXFileReference; explicitFileType = wrapper.framework; includeInIndex = 0; path = Pods_GraphQLPaginationTests.framework; sourceTree = BUILT_PRODUCTS_DIR; };
		B64981388CE0051F683A8C39 /* Pods-GraphQLPagination-GraphQLPaginationUITests.release.xcconfig */ = {isa = PBXFileReference; includeInIndex = 1; lastKnownFileType = text.xcconfig; name = "Pods-GraphQLPagination-GraphQLPaginationUITests.release.xcconfig"; path = "Target Support Files/Pods-GraphQLPagination-GraphQLPaginationUITests/Pods-GraphQLPagination-GraphQLPaginationUITests.release.xcconfig"; sourceTree = "<group>"; };
		CB7D6C47764EA8FECE9EAD49 /* Pods-GraphQLPaginationTests.debug.xcconfig */ = {isa = PBXFileReference; includeInIndex = 1; lastKnownFileType = text.xcconfig; name = "Pods-GraphQLPaginationTests.debug.xcconfig"; path = "Target Support Files/Pods-GraphQLPaginationTests/Pods-GraphQLPaginationTests.debug.xcconfig"; sourceTree = "<group>"; };
/* End PBXFileReference section */

/* Begin PBXFrameworksBuildPhase section */
		30C18BF026F12ED900DA78B7 /* Frameworks */ = {
			isa = PBXFrameworksBuildPhase;
			buildActionMask = 2147483647;
			files = (
				0C15E250AC5D9AACBDB2F1F1 /* Pods_GraphQLPagination.framework in Frameworks */,
			);
			runOnlyForDeploymentPostprocessing = 0;
		};
		30C18C0626F12EDA00DA78B7 /* Frameworks */ = {
			isa = PBXFrameworksBuildPhase;
			buildActionMask = 2147483647;
			files = (
				DB4E84F63717EBD87E685AC1 /* Pods_GraphQLPaginationTests.framework in Frameworks */,
			);
			runOnlyForDeploymentPostprocessing = 0;
		};
		30C18C1126F12EDA00DA78B7 /* Frameworks */ = {
			isa = PBXFrameworksBuildPhase;
			buildActionMask = 2147483647;
			files = (
				CC0DA90E94F8043F1FEA00AA /* Pods_GraphQLPagination_GraphQLPaginationUITests.framework in Frameworks */,
			);
			runOnlyForDeploymentPostprocessing = 0;
		};
/* End PBXFrameworksBuildPhase section */

/* Begin PBXGroup section */
		30C18BEA26F12ED900DA78B7 = {
			isa = PBXGroup;
			children = (
				30C18BF526F12ED900DA78B7 /* GraphQLPagination */,
				30C18C0C26F12EDA00DA78B7 /* GraphQLPaginationTests */,
				30C18C1726F12EDA00DA78B7 /* GraphQLPaginationUITests */,
				30C18BF426F12ED900DA78B7 /* Products */,
				ED27243076BDD583D9DF6706 /* Pods */,
				802107D2CB02A08802F3CF8A /* Frameworks */,
			);
			sourceTree = "<group>";
		};
		30C18BF426F12ED900DA78B7 /* Products */ = {
			isa = PBXGroup;
			children = (
				30C18BF326F12ED900DA78B7 /* GraphQLPagination.app */,
				30C18C0926F12EDA00DA78B7 /* GraphQLPaginationTests.xctest */,
				30C18C1426F12EDA00DA78B7 /* GraphQLPaginationUITests.xctest */,
			);
			name = Products;
			sourceTree = "<group>";
		};
		30C18BF526F12ED900DA78B7 /* GraphQLPagination */ = {
			isa = PBXGroup;
			children = (
				30C18C4426F2777A00DA78B7 /* README.md */,
				30C18C4126F1401600DA78B7 /* Apollo */,
				30C18BF626F12ED900DA78B7 /* AppDelegate.swift */,
				30C18BF826F12ED900DA78B7 /* SceneDelegate.swift */,
				30C18C3F26F13CEA00DA78B7 /* Error.swift */,
				30C18C3D26F13CBC00DA78B7 /* Network.swift */,
				30C18BFA26F12ED900DA78B7 /* ViewController.swift */,
				30C18C3B26F13CA000DA78B7 /* LaunchListVM.swift */,
				30C18BFC26F12ED900DA78B7 /* Main.storyboard */,
				30C18BFF26F12EDA00DA78B7 /* Assets.xcassets */,
				30C18C0126F12EDA00DA78B7 /* LaunchScreen.storyboard */,
				30C18C0426F12EDA00DA78B7 /* Info.plist */,
			);
			path = GraphQLPagination;
			sourceTree = "<group>";
		};
		30C18C0C26F12EDA00DA78B7 /* GraphQLPaginationTests */ = {
			isa = PBXGroup;
			children = (
				30C18C0D26F12EDA00DA78B7 /* GraphQLPaginationTests.swift */,
				30C18C0F26F12EDA00DA78B7 /* Info.plist */,
			);
			path = GraphQLPaginationTests;
			sourceTree = "<group>";
		};
		30C18C1726F12EDA00DA78B7 /* GraphQLPaginationUITests */ = {
			isa = PBXGroup;
			children = (
				30C18C1826F12EDA00DA78B7 /* GraphQLPaginationUITests.swift */,
				30C18C1A26F12EDA00DA78B7 /* Info.plist */,
			);
			path = GraphQLPaginationUITests;
			sourceTree = "<group>";
		};
		30C18C4126F1401600DA78B7 /* Apollo */ = {
			isa = PBXGroup;
			children = (
				30C18C4226F1409100DA78B7 /* ApolloAPI.swift */,
				30C18C3626F13AF700DA78B7 /* LaunchList.graphql */,
				30C18C3526F13AF700DA78B7 /* schema.json */,
			);
			path = Apollo;
			sourceTree = "<group>";
		};
		802107D2CB02A08802F3CF8A /* Frameworks */ = {
			isa = PBXGroup;
			children = (
				738977B30DC05B0E27F30ABB /* Pods_GraphQLPagination.framework */,
				2AB50202DB392ACF2492BE91 /* Pods_GraphQLPagination_GraphQLPaginationUITests.framework */,
				913465FE1689ACB296D44750 /* Pods_GraphQLPaginationTests.framework */,
			);
			name = Frameworks;
			sourceTree = "<group>";
		};
		ED27243076BDD583D9DF6706 /* Pods */ = {
			isa = PBXGroup;
			children = (
				3646EB75EAA4846460AC162C /* Pods-GraphQLPagination.debug.xcconfig */,
				5C24EADDD59E429B35836C5C /* Pods-GraphQLPagination.release.xcconfig */,
				361656966493A1D9DA194166 /* Pods-GraphQLPagination-GraphQLPaginationUITests.debug.xcconfig */,
				B64981388CE0051F683A8C39 /* Pods-GraphQLPagination-GraphQLPaginationUITests.release.xcconfig */,
				CB7D6C47764EA8FECE9EAD49 /* Pods-GraphQLPaginationTests.debug.xcconfig */,
				11D0380BCB8E88219F15A837 /* Pods-GraphQLPaginationTests.release.xcconfig */,
			);
			path = Pods;
			sourceTree = "<group>";
		};
/* End PBXGroup section */

/* Begin PBXNativeTarget section */
		30C18BF226F12ED900DA78B7 /* GraphQLPagination */ = {
			isa = PBXNativeTarget;
			buildConfigurationList = 30C18C1D26F12EDA00DA78B7 /* Build configuration list for PBXNativeTarget "GraphQLPagination" */;
			buildPhases = (
				1EE95036758075B848A1CB6B /* [CP] Check Pods Manifest.lock */,
				30C18C2626F12F8100DA78B7 /* Apollo Code Gen */,
				30C18BEF26F12ED900DA78B7 /* Sources */,
				30C18BF026F12ED900DA78B7 /* Frameworks */,
				30C18BF126F12ED900DA78B7 /* Resources */,
				AC4AAAAE5053192BEE1BF963 /* [CP] Embed Pods Frameworks */,
			);
			buildRules = (
			);
			dependencies = (
			);
			name = GraphQLPagination;
			productName = GraphQLPagination;
			productReference = 30C18BF326F12ED900DA78B7 /* GraphQLPagination.app */;
			productType = "com.apple.product-type.application";
		};
		30C18C0826F12EDA00DA78B7 /* GraphQLPaginationTests */ = {
			isa = PBXNativeTarget;
			buildConfigurationList = 30C18C2026F12EDA00DA78B7 /* Build configuration list for PBXNativeTarget "GraphQLPaginationTests" */;
			buildPhases = (
				E90C0A7D01B62B05EB6AFB8D /* [CP] Check Pods Manifest.lock */,
				30C18C0526F12EDA00DA78B7 /* Sources */,
				30C18C0626F12EDA00DA78B7 /* Frameworks */,
				30C18C0726F12EDA00DA78B7 /* Resources */,
			);
			buildRules = (
			);
			dependencies = (
				30C18C0B26F12EDA00DA78B7 /* PBXTargetDependency */,
			);
			name = GraphQLPaginationTests;
			productName = GraphQLPaginationTests;
			productReference = 30C18C0926F12EDA00DA78B7 /* GraphQLPaginationTests.xctest */;
			productType = "com.apple.product-type.bundle.unit-test";
		};
		30C18C1326F12EDA00DA78B7 /* GraphQLPaginationUITests */ = {
			isa = PBXNativeTarget;
			buildConfigurationList = 30C18C2326F12EDA00DA78B7 /* Build configuration list for PBXNativeTarget "GraphQLPaginationUITests" */;
			buildPhases = (
				D22B887A187F60ED0BDD2A72 /* [CP] Check Pods Manifest.lock */,
				30C18C1026F12EDA00DA78B7 /* Sources */,
				30C18C1126F12EDA00DA78B7 /* Frameworks */,
				30C18C1226F12EDA00DA78B7 /* Resources */,
				ED6A5C45B6F26FAEBA364373 /* [CP] Embed Pods Frameworks */,
			);
			buildRules = (
			);
			dependencies = (
				30C18C1626F12EDA00DA78B7 /* PBXTargetDependency */,
			);
			name = GraphQLPaginationUITests;
			productName = GraphQLPaginationUITests;
			productReference = 30C18C1426F12EDA00DA78B7 /* GraphQLPaginationUITests.xctest */;
			productType = "com.apple.product-type.bundle.ui-testing";
		};
/* End PBXNativeTarget section */

/* Begin PBXProject section */
		30C18BEB26F12ED900DA78B7 /* Project object */ = {
			isa = PBXProject;
			attributes = {
				LastSwiftUpdateCheck = 1250;
				LastUpgradeCheck = 1250;
				TargetAttributes = {
					30C18BF226F12ED900DA78B7 = {
						CreatedOnToolsVersion = 12.5.1;
					};
					30C18C0826F12EDA00DA78B7 = {
						CreatedOnToolsVersion = 12.5.1;
						TestTargetID = 30C18BF226F12ED900DA78B7;
					};
					30C18C1326F12EDA00DA78B7 = {
						CreatedOnToolsVersion = 12.5.1;
						TestTargetID = 30C18BF226F12ED900DA78B7;
					};
				};
			};
			buildConfigurationList = 30C18BEE26F12ED900DA78B7 /* Build configuration list for PBXProject "GraphQLPagination" */;
			compatibilityVersion = "Xcode 9.3";
			developmentRegion = en;
			hasScannedForEncodings = 0;
			knownRegions = (
				en,
				Base,
			);
			mainGroup = 30C18BEA26F12ED900DA78B7;
			productRefGroup = 30C18BF426F12ED900DA78B7 /* Products */;
			projectDirPath = "";
			projectRoot = "";
			targets = (
				30C18BF226F12ED900DA78B7 /* GraphQLPagination */,
				30C18C0826F12EDA00DA78B7 /* GraphQLPaginationTests */,
				30C18C1326F12EDA00DA78B7 /* GraphQLPaginationUITests */,
			);
		};
/* End PBXProject section */

/* Begin PBXResourcesBuildPhase section */
		30C18BF126F12ED900DA78B7 /* Resources */ = {
			isa = PBXResourcesBuildPhase;
			buildActionMask = 2147483647;
			files = (
				30C18C4526F2777A00DA78B7 /* README.md in Resources */,
				30C18C3726F13AF700DA78B7 /* schema.json in Resources */,
				30C18C0326F12EDA00DA78B7 /* LaunchScreen.storyboard in Resources */,
				30C18C0026F12EDA00DA78B7 /* Assets.xcassets in Resources */,
				30C18BFE26F12ED900DA78B7 /* Main.storyboard in Resources */,
				30C18C3826F13AF700DA78B7 /* LaunchList.graphql in Resources */,
			);
			runOnlyForDeploymentPostprocessing = 0;
		};
		30C18C0726F12EDA00DA78B7 /* Resources */ = {
			isa = PBXResourcesBuildPhase;
			buildActionMask = 2147483647;
			files = (
			);
			runOnlyForDeploymentPostprocessing = 0;
		};
		30C18C1226F12EDA00DA78B7 /* Resources */ = {
			isa = PBXResourcesBuildPhase;
			buildActionMask = 2147483647;
			files = (
			);
			runOnlyForDeploymentPostprocessing = 0;
		};
/* End PBXResourcesBuildPhase section */

/* Begin PBXShellScriptBuildPhase section */
		1EE95036758075B848A1CB6B /* [CP] Check Pods Manifest.lock */ = {
			isa = PBXShellScriptBuildPhase;
			buildActionMask = 2147483647;
			files = (
			);
			inputFileListPaths = (
			);
			inputPaths = (
				"${PODS_PODFILE_DIR_PATH}/Podfile.lock",
				"${PODS_ROOT}/Manifest.lock",
			);
			name = "[CP] Check Pods Manifest.lock";
			outputFileListPaths = (
			);
			outputPaths = (
				"$(DERIVED_FILE_DIR)/Pods-GraphQLPagination-checkManifestLockResult.txt",
			);
			runOnlyForDeploymentPostprocessing = 0;
			shellPath = /bin/sh;
			shellScript = "diff \"${PODS_PODFILE_DIR_PATH}/Podfile.lock\" \"${PODS_ROOT}/Manifest.lock\" > /dev/null\nif [ $? != 0 ] ; then\n    # print error to STDERR\n    echo \"error: The sandbox is not in sync with the Podfile.lock. Run 'pod install' or update your CocoaPods installation.\" >&2\n    exit 1\nfi\n# This output is used by Xcode 'outputs' to avoid re-running this script phase.\necho \"SUCCESS\" > \"${SCRIPT_OUTPUT_FILE_0}\"\n";
			showEnvVarsInLog = 0;
		};
		30C18C2626F12F8100DA78B7 /* Apollo Code Gen */ = {
			isa = PBXShellScriptBuildPhase;
			buildActionMask = 2147483647;
			files = (
			);
			inputFileListPaths = (
			);
			inputPaths = (
			);
			name = "Apollo Code Gen";
			outputFileListPaths = (
			);
			outputPaths = (
			);
			runOnlyForDeploymentPostprocessing = 0;
			shellPath = /bin/sh;
			shellScript = "SCRIPT_PATH=\"${PODS_ROOT}/Apollo/scripts\"\ncd \"${SRCROOT}/${TARGET_NAME}/Apollo\"\n\"${SCRIPT_PATH}\"/run-bundled-codegen.sh codegen:generate --target=swift --includes=./**/*.graphql --localSchemaFile=\"schema.json\" ApolloAPI.swift\n\n";
		};
		AC4AAAAE5053192BEE1BF963 /* [CP] Embed Pods Frameworks */ = {
			isa = PBXShellScriptBuildPhase;
			buildActionMask = 2147483647;
			files = (
			);
			inputFileListPaths = (
				"${PODS_ROOT}/Target Support Files/Pods-GraphQLPagination/Pods-GraphQLPagination-frameworks-${CONFIGURATION}-input-files.xcfilelist",
			);
			name = "[CP] Embed Pods Frameworks";
			outputFileListPaths = (
				"${PODS_ROOT}/Target Support Files/Pods-GraphQLPagination/Pods-GraphQLPagination-frameworks-${CONFIGURATION}-output-files.xcfilelist",
			);
			runOnlyForDeploymentPostprocessing = 0;
			shellPath = /bin/sh;
			shellScript = "\"${PODS_ROOT}/Target Support Files/Pods-GraphQLPagination/Pods-GraphQLPagination-frameworks.sh\"\n";
			showEnvVarsInLog = 0;
		};
		D22B887A187F60ED0BDD2A72 /* [CP] Check Pods Manifest.lock */ = {
			isa = PBXShellScriptBuildPhase;
			buildActionMask = 2147483647;
			files = (
			);
			inputFileListPaths = (
			);
			inputPaths = (
				"${PODS_PODFILE_DIR_PATH}/Podfile.lock",
				"${PODS_ROOT}/Manifest.lock",
			);
			name = "[CP] Check Pods Manifest.lock";
			outputFileListPaths = (
			);
			outputPaths = (
				"$(DERIVED_FILE_DIR)/Pods-GraphQLPagination-GraphQLPaginationUITests-checkManifestLockResult.txt",
			);
			runOnlyForDeploymentPostprocessing = 0;
			shellPath = /bin/sh;
			shellScript = "diff \"${PODS_PODFILE_DIR_PATH}/Podfile.lock\" \"${PODS_ROOT}/Manifest.lock\" > /dev/null\nif [ $? != 0 ] ; then\n    # print error to STDERR\n    echo \"error: The sandbox is not in sync with the Podfile.lock. Run 'pod install' or update your CocoaPods installation.\" >&2\n    exit 1\nfi\n# This output is used by Xcode 'outputs' to avoid re-running this script phase.\necho \"SUCCESS\" > \"${SCRIPT_OUTPUT_FILE_0}\"\n";
			showEnvVarsInLog = 0;
		};
		E90C0A7D01B62B05EB6AFB8D /* [CP] Check Pods Manifest.lock */ = {
			isa = PBXShellScriptBuildPhase;
			buildActionMask = 2147483647;
			files = (
			);
			inputFileListPaths = (
			);
			inputPaths = (
				"${PODS_PODFILE_DIR_PATH}/Podfile.lock",
				"${PODS_ROOT}/Manifest.lock",
			);
			name = "[CP] Check Pods Manifest.lock";
			outputFileListPaths = (
			);
			outputPaths = (
				"$(DERIVED_FILE_DIR)/Pods-GraphQLPaginationTests-checkManifestLockResult.txt",
			);
			runOnlyForDeploymentPostprocessing = 0;
			shellPath = /bin/sh;
			shellScript = "diff \"${PODS_PODFILE_DIR_PATH}/Podfile.lock\" \"${PODS_ROOT}/Manifest.lock\" > /dev/null\nif [ $? != 0 ] ; then\n    # print error to STDERR\n    echo \"error: The sandbox is not in sync with the Podfile.lock. Run 'pod install' or update your CocoaPods installation.\" >&2\n    exit 1\nfi\n# This output is used by Xcode 'outputs' to avoid re-running this script phase.\necho \"SUCCESS\" > \"${SCRIPT_OUTPUT_FILE_0}\"\n";
			showEnvVarsInLog = 0;
		};
		ED6A5C45B6F26FAEBA364373 /* [CP] Embed Pods Frameworks */ = {
			isa = PBXShellScriptBuildPhase;
			buildActionMask = 2147483647;
			files = (
			);
			inputFileListPaths = (
				"${PODS_ROOT}/Target Support Files/Pods-GraphQLPagination-GraphQLPaginationUITests/Pods-GraphQLPagination-GraphQLPaginationUITests-frameworks-${CONFIGURATION}-input-files.xcfilelist",
			);
			name = "[CP] Embed Pods Frameworks";
			outputFileListPaths = (
				"${PODS_ROOT}/Target Support Files/Pods-GraphQLPagination-GraphQLPaginationUITests/Pods-GraphQLPagination-GraphQLPaginationUITests-frameworks-${CONFIGURATION}-output-files.xcfilelist",
			);
			runOnlyForDeploymentPostprocessing = 0;
			shellPath = /bin/sh;
			shellScript = "\"${PODS_ROOT}/Target Support Files/Pods-GraphQLPagination-GraphQLPaginationUITests/Pods-GraphQLPagination-GraphQLPaginationUITests-frameworks.sh\"\n";
			showEnvVarsInLog = 0;
		};
/* End PBXShellScriptBuildPhase section */

/* Begin PBXSourcesBuildPhase section */
		30C18BEF26F12ED900DA78B7 /* Sources */ = {
			isa = PBXSourcesBuildPhase;
			buildActionMask = 2147483647;
			files = (
				30C18C3C26F13CA000DA78B7 /* LaunchListVM.swift in Sources */,
				30C18BFB26F12ED900DA78B7 /* ViewController.swift in Sources */,
				30C18C3E26F13CBC00DA78B7 /* Network.swift in Sources */,
				30C18C4326F1409100DA78B7 /* ApolloAPI.swift in Sources */,
				30C18BF726F12ED900DA78B7 /* AppDelegate.swift in Sources */,
				30C18C4026F13CEA00DA78B7 /* Error.swift in Sources */,
				30C18BF926F12ED900DA78B7 /* SceneDelegate.swift in Sources */,
			);
			runOnlyForDeploymentPostprocessing = 0;
		};
		30C18C0526F12EDA00DA78B7 /* Sources */ = {
			isa = PBXSourcesBuildPhase;
			buildActionMask = 2147483647;
			files = (
				30C18C0E26F12EDA00DA78B7 /* GraphQLPaginationTests.swift in Sources */,
			);
			runOnlyForDeploymentPostprocessing = 0;
		};
		30C18C1026F12EDA00DA78B7 /* Sources */ = {
			isa = PBXSourcesBuildPhase;
			buildActionMask = 2147483647;
			files = (
				30C18C1926F12EDA00DA78B7 /* GraphQLPaginationUITests.swift in Sources */,
			);
			runOnlyForDeploymentPostprocessing = 0;
		};
/* End PBXSourcesBuildPhase section */

/* Begin PBXTargetDependency section */
		30C18C0B26F12EDA00DA78B7 /* PBXTargetDependency */ = {
			isa = PBXTargetDependency;
			target = 30C18BF226F12ED900DA78B7 /* GraphQLPagination */;
			targetProxy = 30C18C0A26F12EDA00DA78B7 /* PBXContainerItemProxy */;
		};
		30C18C1626F12EDA00DA78B7 /* PBXTargetDependency */ = {
			isa = PBXTargetDependency;
			target = 30C18BF226F12ED900DA78B7 /* GraphQLPagination */;
			targetProxy = 30C18C1526F12EDA00DA78B7 /* PBXContainerItemProxy */;
		};
/* End PBXTargetDependency section */

/* Begin PBXVariantGroup section */
		30C18BFC26F12ED900DA78B7 /* Main.storyboard */ = {
			isa = PBXVariantGroup;
			children = (
				30C18BFD26F12ED900DA78B7 /* Base */,
			);
			name = Main.storyboard;
			sourceTree = "<group>";
		};
		30C18C0126F12EDA00DA78B7 /* LaunchScreen.storyboard */ = {
			isa = PBXVariantGroup;
			children = (
				30C18C0226F12EDA00DA78B7 /* Base */,
			);
			name = LaunchScreen.storyboard;
			sourceTree = "<group>";
		};
/* End PBXVariantGroup section */

/* Begin XCBuildConfiguration section */
		30C18C1B26F12EDA00DA78B7 /* Debug */ = {
			isa = XCBuildConfiguration;
			buildSettings = {
				ALWAYS_SEARCH_USER_PATHS = NO;
				CLANG_ANALYZER_NONNULL = YES;
				CLANG_ANALYZER_NUMBER_OBJECT_CONVERSION = YES_AGGRESSIVE;
				CLANG_CXX_LANGUAGE_STANDARD = "gnu++14";
				CLANG_CXX_LIBRARY = "libc++";
				CLANG_ENABLE_MODULES = YES;
				CLANG_ENABLE_OBJC_ARC = YES;
				CLANG_ENABLE_OBJC_WEAK = YES;
				CLANG_WARN_BLOCK_CAPTURE_AUTORELEASING = YES;
				CLANG_WARN_BOOL_CONVERSION = YES;
				CLANG_WARN_COMMA = YES;
				CLANG_WARN_CONSTANT_CONVERSION = YES;
				CLANG_WARN_DEPRECATED_OBJC_IMPLEMENTATIONS = YES;
				CLANG_WARN_DIRECT_OBJC_ISA_USAGE = YES_ERROR;
				CLANG_WARN_DOCUMENTATION_COMMENTS = YES;
				CLANG_WARN_EMPTY_BODY = YES;
				CLANG_WARN_ENUM_CONVERSION = YES;
				CLANG_WARN_INFINITE_RECURSION = YES;
				CLANG_WARN_INT_CONVERSION = YES;
				CLANG_WARN_NON_LITERAL_NULL_CONVERSION = YES;
				CLANG_WARN_OBJC_IMPLICIT_RETAIN_SELF = YES;
				CLANG_WARN_OBJC_LITERAL_CONVERSION = YES;
				CLANG_WARN_OBJC_ROOT_CLASS = YES_ERROR;
				CLANG_WARN_QUOTED_INCLUDE_IN_FRAMEWORK_HEADER = YES;
				CLANG_WARN_RANGE_LOOP_ANALYSIS = YES;
				CLANG_WARN_STRICT_PROTOTYPES = YES;
				CLANG_WARN_SUSPICIOUS_MOVE = YES;
				CLANG_WARN_UNGUARDED_AVAILABILITY = YES_AGGRESSIVE;
				CLANG_WARN_UNREACHABLE_CODE = YES;
				CLANG_WARN__DUPLICATE_METHOD_MATCH = YES;
				COPY_PHASE_STRIP = NO;
				DEBUG_INFORMATION_FORMAT = dwarf;
				ENABLE_STRICT_OBJC_MSGSEND = YES;
				ENABLE_TESTABILITY = YES;
				GCC_C_LANGUAGE_STANDARD = gnu11;
				GCC_DYNAMIC_NO_PIC = NO;
				GCC_NO_COMMON_BLOCKS = YES;
				GCC_OPTIMIZATION_LEVEL = 0;
				GCC_PREPROCESSOR_DEFINITIONS = (
					"DEBUG=1",
					"$(inherited)",
				);
				GCC_WARN_64_TO_32_BIT_CONVERSION = YES;
				GCC_WARN_ABOUT_RETURN_TYPE = YES_ERROR;
				GCC_WARN_UNDECLARED_SELECTOR = YES;
				GCC_WARN_UNINITIALIZED_AUTOS = YES_AGGRESSIVE;
				GCC_WARN_UNUSED_FUNCTION = YES;
				GCC_WARN_UNUSED_VARIABLE = YES;
				IPHONEOS_DEPLOYMENT_TARGET = 14.5;
				MTL_ENABLE_DEBUG_INFO = INCLUDE_SOURCE;
				MTL_FAST_MATH = YES;
				ONLY_ACTIVE_ARCH = YES;
				SDKROOT = iphoneos;
				SWIFT_ACTIVE_COMPILATION_CONDITIONS = DEBUG;
				SWIFT_OPTIMIZATION_LEVEL = "-Onone";
			};
			name = Debug;
		};
		30C18C1C26F12EDA00DA78B7 /* Release */ = {
			isa = XCBuildConfiguration;
			buildSettings = {
				ALWAYS_SEARCH_USER_PATHS = NO;
				CLANG_ANALYZER_NONNULL = YES;
				CLANG_ANALYZER_NUMBER_OBJECT_CONVERSION = YES_AGGRESSIVE;
				CLANG_CXX_LANGUAGE_STANDARD = "gnu++14";
				CLANG_CXX_LIBRARY = "libc++";
				CLANG_ENABLE_MODULES = YES;
				CLANG_ENABLE_OBJC_ARC = YES;
				CLANG_ENABLE_OBJC_WEAK = YES;
				CLANG_WARN_BLOCK_CAPTURE_AUTORELEASING = YES;
				CLANG_WARN_BOOL_CONVERSION = YES;
				CLANG_WARN_COMMA = YES;
				CLANG_WARN_CONSTANT_CONVERSION = YES;
				CLANG_WARN_DEPRECATED_OBJC_IMPLEMENTATIONS = YES;
				CLANG_WARN_DIRECT_OBJC_ISA_USAGE = YES_ERROR;
				CLANG_WARN_DOCUMENTATION_COMMENTS = YES;
				CLANG_WARN_EMPTY_BODY = YES;
				CLANG_WARN_ENUM_CONVERSION = YES;
				CLANG_WARN_INFINITE_RECURSION = YES;
				CLANG_WARN_INT_CONVERSION = YES;
				CLANG_WARN_NON_LITERAL_NULL_CONVERSION = YES;
				CLANG_WARN_OBJC_IMPLICIT_RETAIN_SELF = YES;
				CLANG_WARN_OBJC_LITERAL_CONVERSION = YES;
				CLANG_WARN_OBJC_ROOT_CLASS = YES_ERROR;
				CLANG_WARN_QUOTED_INCLUDE_IN_FRAMEWORK_HEADER = YES;
				CLANG_WARN_RANGE_LOOP_ANALYSIS = YES;
				CLANG_WARN_STRICT_PROTOTYPES = YES;
				CLANG_WARN_SUSPICIOUS_MOVE = YES;
				CLANG_WARN_UNGUARDED_AVAILABILITY = YES_AGGRESSIVE;
				CLANG_WARN_UNREACHABLE_CODE = YES;
				CLANG_WARN__DUPLICATE_METHOD_MATCH = YES;
				COPY_PHASE_STRIP = NO;
				DEBUG_INFORMATION_FORMAT = "dwarf-with-dsym";
				ENABLE_NS_ASSERTIONS = NO;
				ENABLE_STRICT_OBJC_MSGSEND = YES;
				GCC_C_LANGUAGE_STANDARD = gnu11;
				GCC_NO_COMMON_BLOCKS = YES;
				GCC_WARN_64_TO_32_BIT_CONVERSION = YES;
				GCC_WARN_ABOUT_RETURN_TYPE = YES_ERROR;
				GCC_WARN_UNDECLARED_SELECTOR = YES;
				GCC_WARN_UNINITIALIZED_AUTOS = YES_AGGRESSIVE;
				GCC_WARN_UNUSED_FUNCTION = YES;
				GCC_WARN_UNUSED_VARIABLE = YES;
				IPHONEOS_DEPLOYMENT_TARGET = 14.5;
				MTL_ENABLE_DEBUG_INFO = NO;
				MTL_FAST_MATH = YES;
				SDKROOT = iphoneos;
				SWIFT_COMPILATION_MODE = wholemodule;
				SWIFT_OPTIMIZATION_LEVEL = "-O";
				VALIDATE_PRODUCT = YES;
			};
			name = Release;
		};
		30C18C1E26F12EDA00DA78B7 /* Debug */ = {
			isa = XCBuildConfiguration;
			baseConfigurationReference = 3646EB75EAA4846460AC162C /* Pods-GraphQLPagination.debug.xcconfig */;
			buildSettings = {
				ASSETCATALOG_COMPILER_APPICON_NAME = AppIcon;
				ASSETCATALOG_COMPILER_GLOBAL_ACCENT_COLOR_NAME = AccentColor;
				CODE_SIGN_STYLE = Automatic;
				DEVELOPMENT_TEAM = 4A7QK6XB9U;
				INFOPLIST_FILE = GraphQLPagination/Info.plist;
				IPHONEOS_DEPLOYMENT_TARGET = 13.0;
				LD_RUNPATH_SEARCH_PATHS = (
					"$(inherited)",
					"@executable_path/Frameworks",
				);
				PRODUCT_BUNDLE_IDENTIFIER = com.jcpd.GraphQLPagination;
				PRODUCT_NAME = "$(TARGET_NAME)";
				SWIFT_VERSION = 5.0;
				TARGETED_DEVICE_FAMILY = "1,2";
			};
			name = Debug;
		};
		30C18C1F26F12EDA00DA78B7 /* Release */ = {
			isa = XCBuildConfiguration;
			baseConfigurationReference = 5C24EADDD59E429B35836C5C /* Pods-GraphQLPagination.release.xcconfig */;
			buildSettings = {
				ASSETCATALOG_COMPILER_APPICON_NAME = AppIcon;
				ASSETCATALOG_COMPILER_GLOBAL_ACCENT_COLOR_NAME = AccentColor;
				CODE_SIGN_STYLE = Automatic;
				DEVELOPMENT_TEAM = 4A7QK6XB9U;
				INFOPLIST_FILE = GraphQLPagination/Info.plist;
				IPHONEOS_DEPLOYMENT_TARGET = 13.0;
				LD_RUNPATH_SEARCH_PATHS = (
					"$(inherited)",
					"@executable_path/Frameworks",
				);
				PRODUCT_BUNDLE_IDENTIFIER = com.jcpd.GraphQLPagination;
				PRODUCT_NAME = "$(TARGET_NAME)";
				SWIFT_VERSION = 5.0;
				TARGETED_DEVICE_FAMILY = "1,2";
			};
			name = Release;
		};
		30C18C2126F12EDA00DA78B7 /* Debug */ = {
			isa = XCBuildConfiguration;
			baseConfigurationReference = CB7D6C47764EA8FECE9EAD49 /* Pods-GraphQLPaginationTests.debug.xcconfig */;
			buildSettings = {
				ALWAYS_EMBED_SWIFT_STANDARD_LIBRARIES = YES;
				BUNDLE_LOADER = "$(TEST_HOST)";
				CODE_SIGN_STYLE = Automatic;
				DEVELOPMENT_TEAM = 4A7QK6XB9U;
				INFOPLIST_FILE = GraphQLPaginationTests/Info.plist;
				IPHONEOS_DEPLOYMENT_TARGET = 14.5;
				LD_RUNPATH_SEARCH_PATHS = (
					"$(inherited)",
					"@executable_path/Frameworks",
					"@loader_path/Frameworks",
				);
				PRODUCT_BUNDLE_IDENTIFIER = com.jcpd.GraphQLPaginationTests;
				PRODUCT_NAME = "$(TARGET_NAME)";
				SWIFT_VERSION = 5.0;
				TARGETED_DEVICE_FAMILY = "1,2";
				TEST_HOST = "$(BUILT_PRODUCTS_DIR)/GraphQLPagination.app/GraphQLPagination";
			};
			name = Debug;
		};
		30C18C2226F12EDA00DA78B7 /* Release */ = {
			isa = XCBuildConfiguration;
			baseConfigurationReference = 11D0380BCB8E88219F15A837 /* Pods-GraphQLPaginationTests.release.xcconfig */;
			buildSettings = {
				ALWAYS_EMBED_SWIFT_STANDARD_LIBRARIES = YES;
				BUNDLE_LOADER = "$(TEST_HOST)";
				CODE_SIGN_STYLE = Automatic;
				DEVELOPMENT_TEAM = 4A7QK6XB9U;
				INFOPLIST_FILE = GraphQLPaginationTests/Info.plist;
				IPHONEOS_DEPLOYMENT_TARGET = 14.5;
				LD_RUNPATH_SEARCH_PATHS = (
					"$(inherited)",
					"@executable_path/Frameworks",
					"@loader_path/Frameworks",
				);
				PRODUCT_BUNDLE_IDENTIFIER = com.jcpd.GraphQLPaginationTests;
				PRODUCT_NAME = "$(TARGET_NAME)";
				SWIFT_VERSION = 5.0;
				TARGETED_DEVICE_FAMILY = "1,2";
				TEST_HOST = "$(BUILT_PRODUCTS_DIR)/GraphQLPagination.app/GraphQLPagination";
			};
			name = Release;
		};
		30C18C2426F12EDA00DA78B7 /* Debug */ = {
			isa = XCBuildConfiguration;
			baseConfigurationReference = 361656966493A1D9DA194166 /* Pods-GraphQLPagination-GraphQLPaginationUITests.debug.xcconfig */;
			buildSettings = {
				ALWAYS_EMBED_SWIFT_STANDARD_LIBRARIES = YES;
				CODE_SIGN_STYLE = Automatic;
				DEVELOPMENT_TEAM = 4A7QK6XB9U;
				INFOPLIST_FILE = GraphQLPaginationUITests/Info.plist;
				LD_RUNPATH_SEARCH_PATHS = (
					"$(inherited)",
					"@executable_path/Frameworks",
					"@loader_path/Frameworks",
				);
				PRODUCT_BUNDLE_IDENTIFIER = com.jcpd.GraphQLPaginationUITests;
				PRODUCT_NAME = "$(TARGET_NAME)";
				SWIFT_VERSION = 5.0;
				TARGETED_DEVICE_FAMILY = "1,2";
				TEST_TARGET_NAME = GraphQLPagination;
			};
			name = Debug;
		};
		30C18C2526F12EDA00DA78B7 /* Release */ = {
			isa = XCBuildConfiguration;
			baseConfigurationReference = B64981388CE0051F683A8C39 /* Pods-GraphQLPagination-GraphQLPaginationUITests.release.xcconfig */;
			buildSettings = {
				ALWAYS_EMBED_SWIFT_STANDARD_LIBRARIES = YES;
				CODE_SIGN_STYLE = Automatic;
				DEVELOPMENT_TEAM = 4A7QK6XB9U;
				INFOPLIST_FILE = GraphQLPaginationUITests/Info.plist;
				LD_RUNPATH_SEARCH_PATHS = (
					"$(inherited)",
					"@executable_path/Frameworks",
					"@loader_path/Frameworks",
				);
				PRODUCT_BUNDLE_IDENTIFIER = com.jcpd.GraphQLPaginationUITests;
				PRODUCT_NAME = "$(TARGET_NAME)";
				SWIFT_VERSION = 5.0;
				TARGETED_DEVICE_FAMILY = "1,2";
				TEST_TARGET_NAME = GraphQLPagination;
			};
			name = Release;
		};
/* End XCBuildConfiguration section */

/* Begin XCConfigurationList section */
		30C18BEE26F12ED900DA78B7 /* Build configuration list for PBXProject "GraphQLPagination" */ = {
			isa = XCConfigurationList;
			buildConfigurations = (
				30C18C1B26F12EDA00DA78B7 /* Debug */,
				30C18C1C26F12EDA00DA78B7 /* Release */,
			);
			defaultConfigurationIsVisible = 0;
			defaultConfigurationName = Release;
		};
		30C18C1D26F12EDA00DA78B7 /* Build configuration list for PBXNativeTarget "GraphQLPagination" */ = {
			isa = XCConfigurationList;
			buildConfigurations = (
				30C18C1E26F12EDA00DA78B7 /* Debug */,
				30C18C1F26F12EDA00DA78B7 /* Release */,
			);
			defaultConfigurationIsVisible = 0;
			defaultConfigurationName = Release;
		};
		30C18C2026F12EDA00DA78B7 /* Build configuration list for PBXNativeTarget "GraphQLPaginationTests" */ = {
			isa = XCConfigurationList;
			buildConfigurations = (
				30C18C2126F12EDA00DA78B7 /* Debug */,
				30C18C2226F12EDA00DA78B7 /* Release */,
			);
			defaultConfigurationIsVisible = 0;
			defaultConfigurationName = Release;
		};
		30C18C2326F12EDA00DA78B7 /* Build configuration list for PBXNativeTarget "GraphQLPaginationUITests" */ = {
			isa = XCConfigurationList;
			buildConfigurations = (
				30C18C2426F12EDA00DA78B7 /* Debug */,
				30C18C2526F12EDA00DA78B7 /* Release */,
			);
			defaultConfigurationIsVisible = 0;
			defaultConfigurationName = Release;
		};
/* End XCConfigurationList section */
	};
	rootObject = 30C18BEB26F12ED900DA78B7 /* Project object */;
}
