// !$*UTF8*$!
{
	archiveVersion = 1;
	classes = {
	};
	objectVersion = 50;
	objects = {

/* Begin PBXBuildFile section */
		30C18BF726F12ED900DA78B7 /* AppDelegate.swift in Sources */ = {isa = PBXBuildFile; fileRef = 30C18BF626F12ED900DA78B7 /* AppDelegate.swift */; };
		30C18BF926F12ED900DA78B7 /* SceneDelegate.swift in Sources */ = {isa = PBXBuildFile; fileRef = 30C18BF826F12ED900DA78B7 /* SceneDelegate.swift */; };
		30C18BFB26F12ED900DA78B7 /* ViewController.swift in Sources */ = {isa = PBXBuildFile; fileRef = 30C18BFA26F12ED900DA78B7 /* ViewController.swift */; };
		30C18BFE26F12ED900DA78B7 /* Main.storyboard in Resources */ = {isa = PBXBuildFile; fileRef = 30C18BFC26F12ED900DA78B7 /* Main.storyboard */; };
		30C18C0026F12EDA00DA78B7 /* Assets.xcassets in Resources */ = {isa = PBXBuildFile; fileRef = 30C18BFF26F12EDA00DA78B7 /* Assets.xcassets */; };
		30C18C0326F12EDA00DA78B7 /* LaunchScreen.storyboard in Resources */ = {isa = PBXBuildFile; fileRef = 30C18C0126F12EDA00DA78B7 /* LaunchScreen.storyboard */; };
		30C18C0E26F12EDA00DA78B7 /* GraphQLPaginationTests.swift in Sources */ = {isa = PBXBuildFile; fileRef = 30C18C0D26F12EDA00DA78B7 /* GraphQLPaginationTests.swift */; };
		30C18C1926F12EDA00DA78B7 /* GraphQLPaginationUITests.swift in Sources */ = {isa = PBXBuildFile; fileRef = 30C18C1826F12EDA00DA78B7 /* GraphQLPaginationUITests.swift */; };
/* End PBXBuildFile section */

/* Begin PBXContainerItemProxy section */
		30C18C0A26F12EDA00DA78B7 /* PBXContainerItemProxy */ = {
			isa = PBXContainerItemProxy;
			containerPortal = 30C18BEB26F12ED900DA78B7 /* Project object */;
			proxyType = 1;
			remoteGlobalIDString = 30C18BF226F12ED900DA78B7;
			remoteInfo = GraphQLPagination;
		};
		30C18C1526F12EDA00DA78B7 /* PBXContainerItemProxy */ = {
			isa = PBXContainerItemProxy;
			containerPortal = 30C18BEB26F12ED900DA78B7 /* Project object */;
			proxyType = 1;
			remoteGlobalIDString = 30C18BF226F12ED900DA78B7;
			remoteInfo = GraphQLPagination;
		};
/* End PBXContainerItemProxy section */

/* Begin PBXFileReference section */
		30C18BF326F12ED900DA78B7 /* GraphQLPagination.app */ = {isa = PBXFileReference; explicitFileType = wrapper.application; includeInIndex = 0; path = GraphQLPagination.app; sourceTree = BUILT_PRODUCTS_DIR; };
		30C18BF626F12ED900DA78B7 /* AppDelegate.swift */ = {isa = PBXFileReference; lastKnownFileType = sourcecode.swift; path = AppDelegate.swift; sourceTree = "<group>"; };
		30C18BF826F12ED900DA78B7 /* SceneDelegate.swift */ = {isa = PBXFileReference; lastKnownFileType = sourcecode.swift; path = SceneDelegate.swift; sourceTree = "<group>"; };
		30C18BFA26F12ED900DA78B7 /* ViewController.swift */ = {isa = PBXFileReference; lastKnownFileType = sourcecode.swift; path = ViewController.swift; sourceTree = "<group>"; };
		30C18BFD26F12ED900DA78B7 /* Base */ = {isa = PBXFileReference; lastKnownFileType = file.storyboard; name = Base; path = Base.lproj/Main.storyboard; sourceTree = "<group>"; };
		30C18BFF26F12EDA00DA78B7 /* Assets.xcassets */ = {isa = PBXFileReference; lastKnownFileType = folder.assetcatalog; path = Assets.xcassets; sourceTree = "<group>"; };
		30C18C0226F12EDA00DA78B7 /* Base */ = {isa = PBXFileReference; lastKnownFileType = file.storyboard; name = Base; path = Base.lproj/LaunchScreen.storyboard; sourceTree = "<group>"; };
		30C18C0426F12EDA00DA78B7 /* Info.plist */ = {isa = PBXFileReference; lastKnownFileType = text.plist.xml; path = Info.plist; sourceTree = "<group>"; };
		30C18C0926F12EDA00DA78B7 /* GraphQLPaginationTests.xctest */ = {isa = PBXFileReference; explicitFileType = wrapper.cfbundle; includeInIndex = 0; path = GraphQLPaginationTests.xctest; sourceTree = BUILT_PRODUCTS_DIR; };
		30C18C0D26F12EDA00DA78B7 /* GraphQLPaginationTests.swift */ = {isa = PBXFileReference; lastKnownFileType = sourcecode.swift; path = GraphQLPaginationTests.swift; sourceTree = "<group>"; };
		30C18C0F26F12EDA00DA78B7 /* Info.plist */ = {isa = PBXFileReference; lastKnownFileType = text.plist.xml; path = Info.plist; sourceTree = "<group>"; };
		30C18C1426F12EDA00DA78B7 /* GraphQLPaginationUITests.xctest */ = {isa = PBXFileReference; explicitFileType = wrapper.cfbundle; includeInIndex = 0; path = GraphQLPaginationUITests.xctest; sourceTree = BUILT_PRODUCTS_DIR; };
		30C18C1826F12EDA00DA78B7 /* GraphQLPaginationUITests.swift */ = {isa = PBXFileReference; lastKnownFileType = sourcecode.swift; path = GraphQLPaginationUITests.swift; sourceTree = "<group>"; };
		30C18C1A26F12EDA00DA78B7 /* Info.plist */ = {isa = PBXFileReference; lastKnownFileType = text.plist.xml; path = Info.plist; sourceTree = "<group>"; };
/* End PBXFileReference section */

/* Begin PBXFrameworksBuildPhase section */
		30C18BF026F12ED900DA78B7 /* Frameworks */ = {
			isa = PBXFrameworksBuildPhase;
			buildActionMask = 2147483647;
			files = (
			);
			runOnlyForDeploymentPostprocessing = 0;
		};
		30C18C0626F12EDA00DA78B7 /* Frameworks */ = {
			isa = PBXFrameworksBuildPhase;
			buildActionMask = 2147483647;
			files = (
			);
			runOnlyForDeploymentPostprocessing = 0;
		};
		30C18C1126F12EDA00DA78B7 /* Frameworks */ = {
			isa = PBXFrameworksBuildPhase;
			buildActionMask = 2147483647;
			files = (
			);
			runOnlyForDeploymentPostprocessing = 0;
		};
/* End PBXFrameworksBuildPhase section */

/* Begin PBXGroup section */
		30C18BEA26F12ED900DA78B7 = {
			isa = PBXGroup;
			children = (
				30C18BF526F12ED900DA78B7 /* GraphQLPagination */,
				30C18C0C26F12EDA00DA78B7 /* GraphQLPaginationTests */,
				30C18C1726F12EDA00DA78B7 /* GraphQLPaginationUITests */,
				30C18BF426F12ED900DA78B7 /* Products */,
			);
			sourceTree = "<group>";
		};
		30C18BF426F12ED900DA78B7 /* Products */ = {
			isa = PBXGroup;
			children = (
				30C18BF326F12ED900DA78B7 /* GraphQLPagination.app */,
				30C18C0926F12EDA00DA78B7 /* GraphQLPaginationTests.xctest */,
				30C18C1426F12EDA00DA78B7 /* GraphQLPaginationUITests.xctest */,
			);
			name = Products;
			sourceTree = "<group>";
		};
		30C18BF526F12ED900DA78B7 /* GraphQLPagination */ = {
			isa = PBXGroup;
			children = (
				30C18BF626F12ED900DA78B7 /* AppDelegate.swift */,
				30C18BF826F12ED900DA78B7 /* SceneDelegate.swift */,
				30C18BFA26F12ED900DA78B7 /* ViewController.swift */,
				30C18BFC26F12ED900DA78B7 /* Main.storyboard */,
				30C18BFF26F12EDA00DA78B7 /* Assets.xcassets */,
				30C18C0126F12EDA00DA78B7 /* LaunchScreen.storyboard */,
				30C18C0426F12EDA00DA78B7 /* Info.plist */,
			);
			path = GraphQLPagination;
			sourceTree = "<group>";
		};
		30C18C0C26F12EDA00DA78B7 /* GraphQLPaginationTests */ = {
			isa = PBXGroup;
			children = (
				30C18C0D26F12EDA00DA78B7 /* GraphQLPaginationTests.swift */,
				30C18C0F26F12EDA00DA78B7 /* Info.plist */,
			);
			path = GraphQLPaginationTests;
			sourceTree = "<group>";
		};
		30C18C1726F12EDA00DA78B7 /* GraphQLPaginationUITests */ = {
			isa = PBXGroup;
			children = (
				30C18C1826F12EDA00DA78B7 /* GraphQLPaginationUITests.swift */,
				30C18C1A26F12EDA00DA78B7 /* Info.plist */,
			);
			path = GraphQLPaginationUITests;
			sourceTree = "<group>";
		};
/* End PBXGroup section */

/* Begin PBXNativeTarget section */
		30C18BF226F12ED900DA78B7 /* GraphQLPagination */ = {
			isa = PBXNativeTarget;
			buildConfigurationList = 30C18C1D26F12EDA00DA78B7 /* Build configuration list for PBXNativeTarget "GraphQLPagination" */;
			buildPhases = (
				30C18BEF26F12ED900DA78B7 /* Sources */,
				30C18BF026F12ED900DA78B7 /* Frameworks */,
				30C18BF126F12ED900DA78B7 /* Resources */,
			);
			buildRules = (
			);
			dependencies = (
			);
			name = GraphQLPagination;
			productName = GraphQLPagination;
			productReference = 30C18BF326F12ED900DA78B7 /* GraphQLPagination.app */;
			productType = "com.apple.product-type.application";
		};
		30C18C0826F12EDA00DA78B7 /* GraphQLPaginationTests */ = {
			isa = PBXNativeTarget;
			buildConfigurationList = 30C18C2026F12EDA00DA78B7 /* Build configuration list for PBXNativeTarget "GraphQLPaginationTests" */;
			buildPhases = (
				30C18C0526F12EDA00DA78B7 /* Sources */,
				30C18C0626F12EDA00DA78B7 /* Frameworks */,
				30C18C0726F12EDA00DA78B7 /* Resources */,
			);
			buildRules = (
			);
			dependencies = (
				30C18C0B26F12EDA00DA78B7 /* PBXTargetDependency */,
			);
			name = GraphQLPaginationTests;
			productName = GraphQLPaginationTests;
			productReference = 30C18C0926F12EDA00DA78B7 /* GraphQLPaginationTests.xctest */;
			productType = "com.apple.product-type.bundle.unit-test";
		};
		30C18C1326F12EDA00DA78B7 /* GraphQLPaginationUITests */ = {
			isa = PBXNativeTarget;
			buildConfigurationList = 30C18C2326F12EDA00DA78B7 /* Build configuration list for PBXNativeTarget "GraphQLPaginationUITests" */;
			buildPhases = (
				30C18C1026F12EDA00DA78B7 /* Sources */,
				30C18C1126F12EDA00DA78B7 /* Frameworks */,
				30C18C1226F12EDA00DA78B7 /* Resources */,
			);
			buildRules = (
			);
			dependencies = (
				30C18C1626F12EDA00DA78B7 /* PBXTargetDependency */,
			);
			name = GraphQLPaginationUITests;
			productName = GraphQLPaginationUITests;
			productReference = 30C18C1426F12EDA00DA78B7 /* GraphQLPaginationUITests.xctest */;
			productType = "com.apple.product-type.bundle.ui-testing";
		};
/* End PBXNativeTarget section */

/* Begin PBXProject section */
		30C18BEB26F12ED900DA78B7 /* Project object */ = {
			isa = PBXProject;
			attributes = {
				LastSwiftUpdateCheck = 1250;
				LastUpgradeCheck = 1250;
				TargetAttributes = {
					30C18BF226F12ED900DA78B7 = {
						CreatedOnToolsVersion = 12.5.1;
					};
					30C18C0826F12EDA00DA78B7 = {
						CreatedOnToolsVersion = 12.5.1;
						TestTargetID = 30C18BF226F12ED900DA78B7;
					};
					30C18C1326F12EDA00DA78B7 = {
						CreatedOnToolsVersion = 12.5.1;
						TestTargetID = 30C18BF226F12ED900DA78B7;
					};
				};
			};
			buildConfigurationList = 30C18BEE26F12ED900DA78B7 /* Build configuration list for PBXProject "GraphQLPagination" */;
			compatibilityVersion = "Xcode 9.3";
			developmentRegion = en;
			hasScannedForEncodings = 0;
			knownRegions = (
				en,
				Base,
			);
			mainGroup = 30C18BEA26F12ED900DA78B7;
			productRefGroup = 30C18BF426F12ED900DA78B7 /* Products */;
			projectDirPath = "";
			projectRoot = "";
			targets = (
				30C18BF226F12ED900DA78B7 /* GraphQLPagination */,
				30C18C0826F12EDA00DA78B7 /* GraphQLPaginationTests */,
				30C18C1326F12EDA00DA78B7 /* GraphQLPaginationUITests */,
			);
		};
/* End PBXProject section */

/* Begin PBXResourcesBuildPhase section */
		30C18BF126F12ED900DA78B7 /* Resources */ = {
			isa = PBXResourcesBuildPhase;
			buildActionMask = 2147483647;
			files = (
				30C18C0326F12EDA00DA78B7 /* LaunchScreen.storyboard in Resources */,
				30C18C0026F12EDA00DA78B7 /* Assets.xcassets in Resources */,
				30C18BFE26F12ED900DA78B7 /* Main.storyboard in Resources */,
			);
			runOnlyForDeploymentPostprocessing = 0;
		};
		30C18C0726F12EDA00DA78B7 /* Resources */ = {
			isa = PBXResourcesBuildPhase;
			buildActionMask = 2147483647;
			files = (
			);
			runOnlyForDeploymentPostprocessing = 0;
		};
		30C18C1226F12EDA00DA78B7 /* Resources */ = {
			isa = PBXResourcesBuildPhase;
			buildActionMask = 2147483647;
			files = (
			);
			runOnlyForDeploymentPostprocessing = 0;
		};
/* End PBXResourcesBuildPhase section */

/* Begin PBXSourcesBuildPhase section */
		30C18BEF26F12ED900DA78B7 /* Sources */ = {
			isa = PBXSourcesBuildPhase;
			buildActionMask = 2147483647;
			files = (
				30C18BFB26F12ED900DA78B7 /* ViewController.swift in Sources */,
				30C18BF726F12ED900DA78B7 /* AppDelegate.swift in Sources */,
				30C18BF926F12ED900DA78B7 /* SceneDelegate.swift in Sources */,
			);
			runOnlyForDeploymentPostprocessing = 0;
		};
		30C18C0526F12EDA00DA78B7 /* Sources */ = {
			isa = PBXSourcesBuildPhase;
			buildActionMask = 2147483647;
			files = (
				30C18C0E26F12EDA00DA78B7 /* GraphQLPaginationTests.swift in Sources */,
			);
			runOnlyForDeploymentPostprocessing = 0;
		};
		30C18C1026F12EDA00DA78B7 /* Sources */ = {
			isa = PBXSourcesBuildPhase;
			buildActionMask = 2147483647;
			files = (
				30C18C1926F12EDA00DA78B7 /* GraphQLPaginationUITests.swift in Sources */,
			);
			runOnlyForDeploymentPostprocessing = 0;
		};
/* End PBXSourcesBuildPhase section */

/* Begin PBXTargetDependency section */
		30C18C0B26F12EDA00DA78B7 /* PBXTargetDependency */ = {
			isa = PBXTargetDependency;
			target = 30C18BF226F12ED900DA78B7 /* GraphQLPagination */;
			targetProxy = 30C18C0A26F12EDA00DA78B7 /* PBXContainerItemProxy */;
		};
		30C18C1626F12EDA00DA78B7 /* PBXTargetDependency */ = {
			isa = PBXTargetDependency;
			target = 30C18BF226F12ED900DA78B7 /* GraphQLPagination */;
			targetProxy = 30C18C1526F12EDA00DA78B7 /* PBXContainerItemProxy */;
		};
/* End PBXTargetDependency section */

/* Begin PBXVariantGroup section */
		30C18BFC26F12ED900DA78B7 /* Main.storyboard */ = {
			isa = PBXVariantGroup;
			children = (
				30C18BFD26F12ED900DA78B7 /* Base */,
			);
			name = Main.storyboard;
			sourceTree = "<group>";
		};
		30C18C0126F12EDA00DA78B7 /* LaunchScreen.storyboard */ = {
			isa = PBXVariantGroup;
			children = (
				30C18C0226F12EDA00DA78B7 /* Base */,
			);
			name = LaunchScreen.storyboard;
			sourceTree = "<group>";
		};
/* End PBXVariantGroup section */

/* Begin XCBuildConfiguration section */
		30C18C1B26F12EDA00DA78B7 /* Debug */ = {
			isa = XCBuildConfiguration;
			buildSettings = {
				ALWAYS_SEARCH_USER_PATHS = NO;
				CLANG_ANALYZER_NONNULL = YES;
				CLANG_ANALYZER_NUMBER_OBJECT_CONVERSION = YES_AGGRESSIVE;
				CLANG_CXX_LANGUAGE_STANDARD = "gnu++14";
				CLANG_CXX_LIBRARY = "libc++";
				CLANG_ENABLE_MODULES = YES;
				CLANG_ENABLE_OBJC_ARC = YES;
				CLANG_ENABLE_OBJC_WEAK = YES;
				CLANG_WARN_BLOCK_CAPTURE_AUTORELEASING = YES;
				CLANG_WARN_BOOL_CONVERSION = YES;
				CLANG_WARN_COMMA = YES;
				CLANG_WARN_CONSTANT_CONVERSION = YES;
				CLANG_WARN_DEPRECATED_OBJC_IMPLEMENTATIONS = YES;
				CLANG_WARN_DIRECT_OBJC_ISA_USAGE = YES_ERROR;
				CLANG_WARN_DOCUMENTATION_COMMENTS = YES;
				CLANG_WARN_EMPTY_BODY = YES;
				CLANG_WARN_ENUM_CONVERSION = YES;
				CLANG_WARN_INFINITE_RECURSION = YES;
				CLANG_WARN_INT_CONVERSION = YES;
				CLANG_WARN_NON_LITERAL_NULL_CONVERSION = YES;
				CLANG_WARN_OBJC_IMPLICIT_RETAIN_SELF = YES;
				CLANG_WARN_OBJC_LITERAL_CONVERSION = YES;
				CLANG_WARN_OBJC_ROOT_CLASS = YES_ERROR;
				CLANG_WARN_QUOTED_INCLUDE_IN_FRAMEWORK_HEADER = YES;
				CLANG_WARN_RANGE_LOOP_ANALYSIS = YES;
				CLANG_WARN_STRICT_PROTOTYPES = YES;
				CLANG_WARN_SUSPICIOUS_MOVE = YES;
				CLANG_WARN_UNGUARDED_AVAILABILITY = YES_AGGRESSIVE;
				CLANG_WARN_UNREACHABLE_CODE = YES;
				CLANG_WARN__DUPLICATE_METHOD_MATCH = YES;
				COPY_PHASE_STRIP = NO;
				DEBUG_INFORMATION_FORMAT = dwarf;
				ENABLE_STRICT_OBJC_MSGSEND = YES;
				ENABLE_TESTABILITY = YES;
				GCC_C_LANGUAGE_STANDARD = gnu11;
				GCC_DYNAMIC_NO_PIC = NO;
				GCC_NO_COMMON_BLOCKS = YES;
				GCC_OPTIMIZATION_LEVEL = 0;
				GCC_PREPROCESSOR_DEFINITIONS = (
					"DEBUG=1",
					"$(inherited)",
				);
				GCC_WARN_64_TO_32_BIT_CONVERSION = YES;
				GCC_WARN_ABOUT_RETURN_TYPE = YES_ERROR;
				GCC_WARN_UNDECLARED_SELECTOR = YES;
				GCC_WARN_UNINITIALIZED_AUTOS = YES_AGGRESSIVE;
				GCC_WARN_UNUSED_FUNCTION = YES;
				GCC_WARN_UNUSED_VARIABLE = YES;
				IPHONEOS_DEPLOYMENT_TARGET = 14.5;
				MTL_ENABLE_DEBUG_INFO = INCLUDE_SOURCE;
				MTL_FAST_MATH = YES;
				ONLY_ACTIVE_ARCH = YES;
				SDKROOT = iphoneos;
				SWIFT_ACTIVE_COMPILATION_CONDITIONS = DEBUG;
				SWIFT_OPTIMIZATION_LEVEL = "-Onone";
			};
			name = Debug;
		};
		30C18C1C26F12EDA00DA78B7 /* Release */ = {
			isa = XCBuildConfiguration;
			buildSettings = {
				ALWAYS_SEARCH_USER_PATHS = NO;
				CLANG_ANALYZER_NONNULL = YES;
				CLANG_ANALYZER_NUMBER_OBJECT_CONVERSION = YES_AGGRESSIVE;
				CLANG_CXX_LANGUAGE_STANDARD = "gnu++14";
				CLANG_CXX_LIBRARY = "libc++";
				CLANG_ENABLE_MODULES = YES;
				CLANG_ENABLE_OBJC_ARC = YES;
				CLANG_ENABLE_OBJC_WEAK = YES;
				CLANG_WARN_BLOCK_CAPTURE_AUTORELEASING = YES;
				CLANG_WARN_BOOL_CONVERSION = YES;
				CLANG_WARN_COMMA = YES;
				CLANG_WARN_CONSTANT_CONVERSION = YES;
				CLANG_WARN_DEPRECATED_OBJC_IMPLEMENTATIONS = YES;
				CLANG_WARN_DIRECT_OBJC_ISA_USAGE = YES_ERROR;
				CLANG_WARN_DOCUMENTATION_COMMENTS = YES;
				CLANG_WARN_EMPTY_BODY = YES;
				CLANG_WARN_ENUM_CONVERSION = YES;
				CLANG_WARN_INFINITE_RECURSION = YES;
				CLANG_WARN_INT_CONVERSION = YES;
				CLANG_WARN_NON_LITERAL_NULL_CONVERSION = YES;
				CLANG_WARN_OBJC_IMPLICIT_RETAIN_SELF = YES;
				CLANG_WARN_OBJC_LITERAL_CONVERSION = YES;
				CLANG_WARN_OBJC_ROOT_CLASS = YES_ERROR;
				CLANG_WARN_QUOTED_INCLUDE_IN_FRAMEWORK_HEADER = YES;
				CLANG_WARN_RANGE_LOOP_ANALYSIS = YES;
				CLANG_WARN_STRICT_PROTOTYPES = YES;
				CLANG_WARN_SUSPICIOUS_MOVE = YES;
				CLANG_WARN_UNGUARDED_AVAILABILITY = YES_AGGRESSIVE;
				CLANG_WARN_UNREACHABLE_CODE = YES;
				CLANG_WARN__DUPLICATE_METHOD_MATCH = YES;
				COPY_PHASE_STRIP = NO;
				DEBUG_INFORMATION_FORMAT = "dwarf-with-dsym";
				ENABLE_NS_ASSERTIONS = NO;
				ENABLE_STRICT_OBJC_MSGSEND = YES;
				GCC_C_LANGUAGE_STANDARD = gnu11;
				GCC_NO_COMMON_BLOCKS = YES;
				GCC_WARN_64_TO_32_BIT_CONVERSION = YES;
				GCC_WARN_ABOUT_RETURN_TYPE = YES_ERROR;
				GCC_WARN_UNDECLARED_SELECTOR = YES;
				GCC_WARN_UNINITIALIZED_AUTOS = YES_AGGRESSIVE;
				GCC_WARN_UNUSED_FUNCTION = YES;
				GCC_WARN_UNUSED_VARIABLE = YES;
				IPHONEOS_DEPLOYMENT_TARGET = 14.5;
				MTL_ENABLE_DEBUG_INFO = NO;
				MTL_FAST_MATH = YES;
				SDKROOT = iphoneos;
				SWIFT_COMPILATION_MODE = wholemodule;
				SWIFT_OPTIMIZATION_LEVEL = "-O";
				VALIDATE_PRODUCT = YES;
			};
			name = Release;
		};
		30C18C1E26F12EDA00DA78B7 /* Debug */ = {
			isa = XCBuildConfiguration;
			buildSettings = {
				ASSETCATALOG_COMPILER_APPICON_NAME = AppIcon;
				ASSETCATALOG_COMPILER_GLOBAL_ACCENT_COLOR_NAME = AccentColor;
				CODE_SIGN_STYLE = Automatic;
				DEVELOPMENT_TEAM = 4A7QK6XB9U;
				INFOPLIST_FILE = GraphQLPagination/Info.plist;
				LD_RUNPATH_SEARCH_PATHS = (
					"$(inherited)",
					"@executable_path/Frameworks",
				);
				PRODUCT_BUNDLE_IDENTIFIER = com.jcpd.GraphQLPagination;
				PRODUCT_NAME = "$(TARGET_NAME)";
				SWIFT_VERSION = 5.0;
				TARGETED_DEVICE_FAMILY = "1,2";
			};
			name = Debug;
		};
		30C18C1F26F12EDA00DA78B7 /* Release */ = {
			isa = XCBuildConfiguration;
			buildSettings = {
				ASSETCATALOG_COMPILER_APPICON_NAME = AppIcon;
				ASSETCATALOG_COMPILER_GLOBAL_ACCENT_COLOR_NAME = AccentColor;
				CODE_SIGN_STYLE = Automatic;
				DEVELOPMENT_TEAM = 4A7QK6XB9U;
				INFOPLIST_FILE = GraphQLPagination/Info.plist;
				LD_RUNPATH_SEARCH_PATHS = (
					"$(inherited)",
					"@executable_path/Frameworks",
				);
				PRODUCT_BUNDLE_IDENTIFIER = com.jcpd.GraphQLPagination;
				PRODUCT_NAME = "$(TARGET_NAME)";
				SWIFT_VERSION = 5.0;
				TARGETED_DEVICE_FAMILY = "1,2";
			};
			name = Release;
		};
		30C18C2126F12EDA00DA78B7 /* Debug */ = {
			isa = XCBuildConfiguration;
			buildSettings = {
				ALWAYS_EMBED_SWIFT_STANDARD_LIBRARIES = YES;
				BUNDLE_LOADER = "$(TEST_HOST)";
				CODE_SIGN_STYLE = Automatic;
				DEVELOPMENT_TEAM = 4A7QK6XB9U;
				INFOPLIST_FILE = GraphQLPaginationTests/Info.plist;
				IPHONEOS_DEPLOYMENT_TARGET = 14.5;
				LD_RUNPATH_SEARCH_PATHS = (
					"$(inherited)",
					"@executable_path/Frameworks",
					"@loader_path/Frameworks",
				);
				PRODUCT_BUNDLE_IDENTIFIER = com.jcpd.GraphQLPaginationTests;
				PRODUCT_NAME = "$(TARGET_NAME)";
				SWIFT_VERSION = 5.0;
				TARGETED_DEVICE_FAMILY = "1,2";
				TEST_HOST = "$(BUILT_PRODUCTS_DIR)/GraphQLPagination.app/GraphQLPagination";
			};
			name = Debug;
		};
		30C18C2226F12EDA00DA78B7 /* Release */ = {
			isa = XCBuildConfiguration;
			buildSettings = {
				ALWAYS_EMBED_SWIFT_STANDARD_LIBRARIES = YES;
				BUNDLE_LOADER = "$(TEST_HOST)";
				CODE_SIGN_STYLE = Automatic;
				DEVELOPMENT_TEAM = 4A7QK6XB9U;
				INFOPLIST_FILE = GraphQLPaginationTests/Info.plist;
				IPHONEOS_DEPLOYMENT_TARGET = 14.5;
				LD_RUNPATH_SEARCH_PATHS = (
					"$(inherited)",
					"@executable_path/Frameworks",
					"@loader_path/Frameworks",
				);
				PRODUCT_BUNDLE_IDENTIFIER = com.jcpd.GraphQLPaginationTests;
				PRODUCT_NAME = "$(TARGET_NAME)";
				SWIFT_VERSION = 5.0;
				TARGETED_DEVICE_FAMILY = "1,2";
				TEST_HOST = "$(BUILT_PRODUCTS_DIR)/GraphQLPagination.app/GraphQLPagination";
			};
			name = Release;
		};
		30C18C2426F12EDA00DA78B7 /* Debug */ = {
			isa = XCBuildConfiguration;
			buildSettings = {
				ALWAYS_EMBED_SWIFT_STANDARD_LIBRARIES = YES;
				CODE_SIGN_STYLE = Automatic;
				DEVELOPMENT_TEAM = 4A7QK6XB9U;
				INFOPLIST_FILE = GraphQLPaginationUITests/Info.plist;
				LD_RUNPATH_SEARCH_PATHS = (
					"$(inherited)",
					"@executable_path/Frameworks",
					"@loader_path/Frameworks",
				);
				PRODUCT_BUNDLE_IDENTIFIER = com.jcpd.GraphQLPaginationUITests;
				PRODUCT_NAME = "$(TARGET_NAME)";
				SWIFT_VERSION = 5.0;
				TARGETED_DEVICE_FAMILY = "1,2";
				TEST_TARGET_NAME = GraphQLPagination;
			};
			name = Debug;
		};
		30C18C2526F12EDA00DA78B7 /* Release */ = {
			isa = XCBuildConfiguration;
			buildSettings = {
				ALWAYS_EMBED_SWIFT_STANDARD_LIBRARIES = YES;
				CODE_SIGN_STYLE = Automatic;
				DEVELOPMENT_TEAM = 4A7QK6XB9U;
				INFOPLIST_FILE = GraphQLPaginationUITests/Info.plist;
				LD_RUNPATH_SEARCH_PATHS = (
					"$(inherited)",
					"@executable_path/Frameworks",
					"@loader_path/Frameworks",
				);
				PRODUCT_BUNDLE_IDENTIFIER = com.jcpd.GraphQLPaginationUITests;
				PRODUCT_NAME = "$(TARGET_NAME)";
				SWIFT_VERSION = 5.0;
				TARGETED_DEVICE_FAMILY = "1,2";
				TEST_TARGET_NAME = GraphQLPagination;
			};
			name = Release;
		};
/* End XCBuildConfiguration section */

/* Begin XCConfigurationList section */
		30C18BEE26F12ED900DA78B7 /* Build configuration list for PBXProject "GraphQLPagination" */ = {
			isa = XCConfigurationList;
			buildConfigurations = (
				30C18C1B26F12EDA00DA78B7 /* Debug */,
				30C18C1C26F12EDA00DA78B7 /* Release */,
			);
			defaultConfigurationIsVisible = 0;
			defaultConfigurationName = Release;
		};
		30C18C1D26F12EDA00DA78B7 /* Build configuration list for PBXNativeTarget "GraphQLPagination" */ = {
			isa = XCConfigurationList;
			buildConfigurations = (
				30C18C1E26F12EDA00DA78B7 /* Debug */,
				30C18C1F26F12EDA00DA78B7 /* Release */,
			);
			defaultConfigurationIsVisible = 0;
			defaultConfigurationName = Release;
		};
		30C18C2026F12EDA00DA78B7 /* Build configuration list for PBXNativeTarget "GraphQLPaginationTests" */ = {
			isa = XCConfigurationList;
			buildConfigurations = (
				30C18C2126F12EDA00DA78B7 /* Debug */,
				30C18C2226F12EDA00DA78B7 /* Release */,
			);
			defaultConfigurationIsVisible = 0;
			defaultConfigurationName = Release;
		};
		30C18C2326F12EDA00DA78B7 /* Build configuration list for PBXNativeTarget "GraphQLPaginationUITests" */ = {
			isa = XCConfigurationList;
			buildConfigurations = (
				30C18C2426F12EDA00DA78B7 /* Debug */,
				30C18C2526F12EDA00DA78B7 /* Release */,
			);
			defaultConfigurationIsVisible = 0;
			defaultConfigurationName = Release;
		};
/* End XCConfigurationList section */
	};
	rootObject = 30C18BEB26F12ED900DA78B7 /* Project object */;
}
